
Microsoft Visual Studio Solution File, Format Version 12.00
# Visual Studio Version 17
VisualStudioVersion = 17.5.33516.290
MinimumVisualStudioVersion = 10.0.40219.1
Project("{FAE04EC0-301F-11D3-BF4B-00C04F79EFBC}") = "JournalApp2.0", "JournalApp2.0\JournalApp2.0.csproj", "{1481CB57-1ED1-4079-8749-6879CD937D1D}"
EndProject
Project("{2150E333-8FDC-42A3-9474-1A3956D46DE8}") = "Test", "Test", "{24B1C8EB-63D1-4CE9-8D40-82D56C37ECDC}"
EndProject
Project("{FAE04EC0-301F-11D3-BF4B-00C04F79EFBC}") = "JournalConsole", "JournalConsole\JournalConsole.csproj", "{4A2C576E-EF0E-45C2-944F-88D423BB35BC}"
EndProject
Global
	GlobalSection(SolutionConfigurationPlatforms) = preSolution
		Debug|Any CPU = Debug|Any CPU
		Release|Any CPU = Release|Any CPU
	EndGlobalSection
	GlobalSection(ProjectConfigurationPlatforms) = postSolution
		{1481CB57-1ED1-4079-8749-6879CD937D1D}.Debug|Any CPU.ActiveCfg = Debug|Any CPU
		{1481CB57-1ED1-4079-8749-6879CD937D1D}.Debug|Any CPU.Build.0 = Debug|Any CPU
		{1481CB57-1ED1-4079-8749-6879CD937D1D}.Release|Any CPU.ActiveCfg = Release|Any CPU
		{1481CB57-1ED1-4079-8749-6879CD937D1D}.Release|Any CPU.Build.0 = Release|Any CPU
		{4A2C576E-EF0E-45C2-944F-88D423BB35BC}.Debug|Any CPU.ActiveCfg = Debug|Any CPU
		{4A2C576E-EF0E-45C2-944F-88D423BB35BC}.Debug|Any CPU.Build.0 = Debug|Any CPU
		{4A2C576E-EF0E-45C2-944F-88D423BB35BC}.Release|Any CPU.ActiveCfg = Release|Any CPU
		{4A2C576E-EF0E-45C2-944F-88D423BB35BC}.Release|Any CPU.Build.0 = Release|Any CPU
	EndGlobalSection
	GlobalSection(SolutionProperties) = preSolution
		HideSolutionNode = FALSE
	EndGlobalSection
	GlobalSection(NestedProjects) = preSolution
		{4A2C576E-EF0E-45C2-944F-88D423BB35BC} = {24B1C8EB-63D1-4CE9-8D40-82D56C37ECDC}
	EndGlobalSection
	GlobalSection(ExtensibilityGlobals) = postSolution
		SolutionGuid = {BBF4F950-D286-47BE-84EB-1D474602B31A}
	EndGlobalSection
EndGlobal
